
Microsoft Visual Studio Solution File, Format Version 12.00
# Visual Studio Version 16
VisualStudioVersion = 16.0.30621.155
MinimumVisualStudioVersion = 10.0.40219.1
Project("{9A19103F-16F7-4668-BE54-9A1E7A4F7556}") = "Learning IT", "Learning IT\Learning IT.csproj", "{8793B74B-FDF0-46D9-928B-E606CF83091E}"
EndProject
Project("{9A19103F-16F7-4668-BE54-9A1E7A4F7556}") = "AspNetIdentity.Shared", "AspNetIdentity.Shared\AspNetIdentity.Shared.csproj", "{FEFB8511-9E42-4C10-8C90-7A40A9ED7C31}"
EndProject
Global
	GlobalSection(SolutionConfigurationPlatforms) = preSolution
		Debug|Any CPU = Debug|Any CPU
		Debug|ARM = Debug|ARM
		Debug|ARM64 = Debug|ARM64
		Debug|x64 = Debug|x64
		Debug|x86 = Debug|x86
		Release|Any CPU = Release|Any CPU
		Release|ARM = Release|ARM
		Release|ARM64 = Release|ARM64
		Release|x64 = Release|x64
		Release|x86 = Release|x86
	EndGlobalSection
	GlobalSection(ProjectConfigurationPlatforms) = postSolution
		{8793B74B-FDF0-46D9-928B-E606CF83091E}.Debug|Any CPU.ActiveCfg = Debug|Any CPU
		{8793B74B-FDF0-46D9-928B-E606CF83091E}.Debug|Any CPU.Build.0 = Debug|Any CPU
		{8793B74B-FDF0-46D9-928B-E606CF83091E}.Debug|ARM.ActiveCfg = Debug|Any CPU
		{8793B74B-FDF0-46D9-928B-E606CF83091E}.Debug|ARM.Build.0 = Debug|Any CPU
		{8793B74B-FDF0-46D9-928B-E606CF83091E}.Debug|ARM64.ActiveCfg = Debug|Any CPU
		{8793B74B-FDF0-46D9-928B-E606CF83091E}.Debug|ARM64.Build.0 = Debug|Any CPU
		{8793B74B-FDF0-46D9-928B-E606CF83091E}.Debug|x64.ActiveCfg = Debug|Any CPU
		{8793B74B-FDF0-46D9-928B-E606CF83091E}.Debug|x64.Build.0 = Debug|Any CPU
		{8793B74B-FDF0-46D9-928B-E606CF83091E}.Debug|x86.ActiveCfg = Debug|Any CPU
		{8793B74B-FDF0-46D9-928B-E606CF83091E}.Debug|x86.Build.0 = Debug|Any CPU
		{8793B74B-FDF0-46D9-928B-E606CF83091E}.Release|Any CPU.ActiveCfg = Release|Any CPU
		{8793B74B-FDF0-46D9-928B-E606CF83091E}.Release|Any CPU.Build.0 = Release|Any CPU
		{8793B74B-FDF0-46D9-928B-E606CF83091E}.Release|ARM.ActiveCfg = Release|Any CPU
		{8793B74B-FDF0-46D9-928B-E606CF83091E}.Release|ARM.Build.0 = Release|Any CPU
		{8793B74B-FDF0-46D9-928B-E606CF83091E}.Release|ARM64.ActiveCfg = Release|Any CPU
		{8793B74B-FDF0-46D9-928B-E606CF83091E}.Release|ARM64.Build.0 = Release|Any CPU
		{8793B74B-FDF0-46D9-928B-E606CF83091E}.Release|x64.ActiveCfg = Release|Any CPU
		{8793B74B-FDF0-46D9-928B-E606CF83091E}.Release|x64.Build.0 = Release|Any CPU
		{8793B74B-FDF0-46D9-928B-E606CF83091E}.Release|x86.ActiveCfg = Release|Any CPU
		{8793B74B-FDF0-46D9-928B-E606CF83091E}.Release|x86.Build.0 = Release|Any CPU
		{FEFB8511-9E42-4C10-8C90-7A40A9ED7C31}.Debug|Any CPU.ActiveCfg = Debug|Any CPU
		{FEFB8511-9E42-4C10-8C90-7A40A9ED7C31}.Debug|Any CPU.Build.0 = Debug|Any CPU
		{FEFB8511-9E42-4C10-8C90-7A40A9ED7C31}.Debug|ARM.ActiveCfg = Debug|Any CPU
		{FEFB8511-9E42-4C10-8C90-7A40A9ED7C31}.Debug|ARM.Build.0 = Debug|Any CPU
		{FEFB8511-9E42-4C10-8C90-7A40A9ED7C31}.Debug|ARM64.ActiveCfg = Debug|Any CPU
		{FEFB8511-9E42-4C10-8C90-7A40A9ED7C31}.Debug|ARM64.Build.0 = Debug|Any CPU
		{FEFB8511-9E42-4C10-8C90-7A40A9ED7C31}.Debug|x64.ActiveCfg = Debug|Any CPU
		{FEFB8511-9E42-4C10-8C90-7A40A9ED7C31}.Debug|x64.Build.0 = Debug|Any CPU
		{FEFB8511-9E42-4C10-8C90-7A40A9ED7C31}.Debug|x86.ActiveCfg = Debug|Any CPU
		{FEFB8511-9E42-4C10-8C90-7A40A9ED7C31}.Debug|x86.Build.0 = Debug|Any CPU
		{FEFB8511-9E42-4C10-8C90-7A40A9ED7C31}.Release|Any CPU.ActiveCfg = Release|Any CPU
		{FEFB8511-9E42-4C10-8C90-7A40A9ED7C31}.Release|Any CPU.Build.0 = Release|Any CPU
		{FEFB8511-9E42-4C10-8C90-7A40A9ED7C31}.Release|ARM.ActiveCfg = Release|Any CPU
		{FEFB8511-9E42-4C10-8C90-7A40A9ED7C31}.Release|ARM.Build.0 = Release|Any CPU
		{FEFB8511-9E42-4C10-8C90-7A40A9ED7C31}.Release|ARM64.ActiveCfg = Release|Any CPU
		{FEFB8511-9E42-4C10-8C90-7A40A9ED7C31}.Release|ARM64.Build.0 = Release|Any CPU
		{FEFB8511-9E42-4C10-8C90-7A40A9ED7C31}.Release|x64.ActiveCfg = Release|Any CPU
		{FEFB8511-9E42-4C10-8C90-7A40A9ED7C31}.Release|x64.Build.0 = Release|Any CPU
		{FEFB8511-9E42-4C10-8C90-7A40A9ED7C31}.Release|x86.ActiveCfg = Release|Any CPU
		{FEFB8511-9E42-4C10-8C90-7A40A9ED7C31}.Release|x86.Build.0 = Release|Any CPU
	EndGlobalSection
	GlobalSection(SolutionProperties) = preSolution
		HideSolutionNode = FALSE
	EndGlobalSection
	GlobalSection(ExtensibilityGlobals) = postSolution
		SolutionGuid = {6FB3765B-3675-4113-86BE-84BF71A21EA4}
	EndGlobalSection
EndGlobal
